# This file is automatically @generated by Cargo.
# It is not intended for manual editing.
version = 4

[[package]]
name = "amphion-foundation"
version = "0.0.0"

[[package]]
name = "amphion-geometry"
version = "0.0.0"
dependencies = [
 "amphion-foundation",
]

[[package]]
name = "amphion-test-support"
version = "0.0.0"
dependencies = [
 "amphion-foundation",
 "amphion-geometry",
 "amphion-topology",
 "amphion-validation",
]

[[package]]
name = "amphion-topology"
version = "0.0.0"
dependencies = [
 "amphion-foundation",
 "amphion-geometry",
]

[[package]]
name = "amphion-validation"
version = "0.0.0"
dependencies = [
 "amphion-foundation",
 "amphion-geometry",
 "amphion-topology",
]
